
Microsoft Visual Studio Solution File, Format Version 12.00
# Visual Studio 2013
VisualStudioVersion = 12.0.30501.0
MinimumVisualStudioVersion = 10.0.40219.1
Project("{FAE04EC0-301F-11D3-BF4B-00C04F79EFBC}") = "Imitate", "Imitate\Imitate.csproj", "{78164F8F-D748-4096-ABDB-5A4A6CD9AD32}"
EndProject
Project("{FAE04EC0-301F-11D3-BF4B-00C04F79EFBC}") = "ImitateLib", "ImitateLib\ImitateLib.csproj", "{EC8F2050-3BEA-4E74-950D-7183992E48BA}"
EndProject
Global
	GlobalSection(SolutionConfigurationPlatforms) = preSolution
		Debug|Any CPU = Debug|Any CPU
		Release|Any CPU = Release|Any CPU
	EndGlobalSection
	GlobalSection(ProjectConfigurationPlatforms) = postSolution
		{78164F8F-D748-4096-ABDB-5A4A6CD9AD32}.Debug|Any CPU.ActiveCfg = Debug|Any CPU
		{78164F8F-D748-4096-ABDB-5A4A6CD9AD32}.Debug|Any CPU.Build.0 = Debug|Any CPU
		{78164F8F-D748-4096-ABDB-5A4A6CD9AD32}.Release|Any CPU.ActiveCfg = Release|Any CPU
		{78164F8F-D748-4096-ABDB-5A4A6CD9AD32}.Release|Any CPU.Build.0 = Release|Any CPU
		{EC8F2050-3BEA-4E74-950D-7183992E48BA}.Debug|Any CPU.ActiveCfg = Debug|Any CPU
		{EC8F2050-3BEA-4E74-950D-7183992E48BA}.Debug|Any CPU.Build.0 = Debug|Any CPU
		{EC8F2050-3BEA-4E74-950D-7183992E48BA}.Release|Any CPU.ActiveCfg = Release|Any CPU
		{EC8F2050-3BEA-4E74-950D-7183992E48BA}.Release|Any CPU.Build.0 = Release|Any CPU
	EndGlobalSection
	GlobalSection(SolutionProperties) = preSolution
		HideSolutionNode = FALSE
	EndGlobalSection
EndGlobal
